
Microsoft Visual Studio Solution File, Format Version 12.00
# Visual Studio Version 17
VisualStudioVersion = 17.0.32014.148
MinimumVisualStudioVersion = 10.0.40219.1
Project("{FAE04EC0-301F-11D3-BF4B-00C04F79EFBC}") = "Intsar_F_Project", "Intsar_F_Project\Intsar_F_Project.csproj", "{ECFC3F59-1613-497B-B9E8-1E2A63FCFFDB}"
EndProject
Global
	GlobalSection(SolutionConfigurationPlatforms) = preSolution
		Debug|Any CPU = Debug|Any CPU
		Release|Any CPU = Release|Any CPU
	EndGlobalSection
	GlobalSection(ProjectConfigurationPlatforms) = postSolution
		{ECFC3F59-1613-497B-B9E8-1E2A63FCFFDB}.Debug|Any CPU.ActiveCfg = Debug|Any CPU
		{ECFC3F59-1613-497B-B9E8-1E2A63FCFFDB}.Debug|Any CPU.Build.0 = Debug|Any CPU
		{ECFC3F59-1613-497B-B9E8-1E2A63FCFFDB}.Release|Any CPU.ActiveCfg = Release|Any CPU
		{ECFC3F59-1613-497B-B9E8-1E2A63FCFFDB}.Release|Any CPU.Build.0 = Release|Any CPU
	EndGlobalSection
	GlobalSection(SolutionProperties) = preSolution
		HideSolutionNode = FALSE
	EndGlobalSection
	GlobalSection(ExtensibilityGlobals) = postSolution
		SolutionGuid = {8522EF47-E468-4CD5-8682-ED904D1B8FE3}
	EndGlobalSection
EndGlobal
